// !$*UTF8*$!
{
	archiveVersion = 1;
	classes = {
	};
	objectVersion = 51;
	objects = {

/* Begin PBXBuildFile section */
		45716F4668E8FF3AAB1D8786 /* Pods_ChaosTV.framework in Frameworks */ = {isa = PBXBuildFile; fileRef = E321C70B127E9886A11E61DB /* Pods_ChaosTV.framework */; };
		BA61D10D242E4FF900D84B86 /* LaunchScreen.storyboard in Resources */ = {isa = PBXBuildFile; fileRef = BA61D10B242E4FF900D84B86 /* LaunchScreen.storyboard */; };
		BA61D10F242E51E500D84B86 /* HomeViewController.swift in Sources */ = {isa = PBXBuildFile; fileRef = BA61D10E242E51E500D84B86 /* HomeViewController.swift */; };
		BA61D111242E525F00D84B86 /* ChaosNavigationController.swift in Sources */ = {isa = PBXBuildFile; fileRef = BA61D110242E525F00D84B86 /* ChaosNavigationController.swift */; };
		BA805F1A24342D0900B015DF /* Const.swift in Sources */ = {isa = PBXBuildFile; fileRef = BA805F1924342D0800B015DF /* Const.swift */; };
		BA805F1C24342DB400B015DF /* AnchorViewController.swift in Sources */ = {isa = PBXBuildFile; fileRef = BA805F1B24342DB400B015DF /* AnchorViewController.swift */; };
		BA805F20243479D600B015DF /* HomeViewModel.swift in Sources */ = {isa = PBXBuildFile; fileRef = BA805F1F243479D600B015DF /* HomeViewModel.swift */; };
		BA805F22243479E500B015DF /* WaterfallLayout.swift in Sources */ = {isa = PBXBuildFile; fileRef = BA805F21243479E500B015DF /* WaterfallLayout.swift */; };
		BA805F2424347A7900B015DF /* AnchorModel.swift in Sources */ = {isa = PBXBuildFile; fileRef = BA805F2324347A7900B015DF /* AnchorModel.swift */; };
		BA805F272434825600B015DF /* NetworkTools.swift in Sources */ = {isa = PBXBuildFile; fileRef = BA805F262434825600B015DF /* NetworkTools.swift */; };
		BA8293FB243730F400F85367 /* Emitterable.swift in Sources */ = {isa = PBXBuildFile; fileRef = BA8293FA243730F400F85367 /* Emitterable.swift */; };
		BA8799912435682D0051880B /* HomeViewCell.xib in Resources */ = {isa = PBXBuildFile; fileRef = BA87998F2435682D0051880B /* HomeViewCell.xib */; };
		BA8799922435682D0051880B /* HomeViewCell.swift in Sources */ = {isa = PBXBuildFile; fileRef = BA8799902435682D0051880B /* HomeViewCell.swift */; };
		BA8799992435888A0051880B /* RoomViewController.swift in Sources */ = {isa = PBXBuildFile; fileRef = BA8799972435888A0051880B /* RoomViewController.swift */; };
		BA87999A2435888A0051880B /* RoomViewController.xib in Resources */ = {isa = PBXBuildFile; fileRef = BA8799982435888A0051880B /* RoomViewController.xib */; };
		BA8BC10824341FC000225E69 /* GCPageView.swift in Sources */ = {isa = PBXBuildFile; fileRef = BA8BC10424341FC000225E69 /* GCPageView.swift */; };
		BA8BC10924341FC000225E69 /* GCContentView.swift in Sources */ = {isa = PBXBuildFile; fileRef = BA8BC10524341FC000225E69 /* GCContentView.swift */; };
		BA8BC10A24341FC000225E69 /* GCTitleView.swift in Sources */ = {isa = PBXBuildFile; fileRef = BA8BC10624341FC000225E69 /* GCTitleView.swift */; };
		BA8BC10B24341FC000225E69 /* GCPageStyle.swift in Sources */ = {isa = PBXBuildFile; fileRef = BA8BC10724341FC000225E69 /* GCPageStyle.swift */; };
		BA8BC1122434246000225E69 /* types.plist in Resources */ = {isa = PBXBuildFile; fileRef = BA8BC1112434246000225E69 /* types.plist */; };
		BA8BC1142434248A00225E69 /* HomeType.swift in Sources */ = {isa = PBXBuildFile; fileRef = BA8BC1132434248A00225E69 /* HomeType.swift */; };
		BA8BC11C2434260C00225E69 /* BaseModel.swift in Sources */ = {isa = PBXBuildFile; fileRef = BA8BC11B2434260C00225E69 /* BaseModel.swift */; };
		BAAC157E242E48E8004030A5 /* AppDelegate.swift in Sources */ = {isa = PBXBuildFile; fileRef = BAAC157D242E48E8004030A5 /* AppDelegate.swift */; };
		BAAC1580242E48E8004030A5 /* SceneDelegate.swift in Sources */ = {isa = PBXBuildFile; fileRef = BAAC157F242E48E8004030A5 /* SceneDelegate.swift */; };
		BAAC1585242E48E8004030A5 /* Main.storyboard in Resources */ = {isa = PBXBuildFile; fileRef = BAAC1583242E48E8004030A5 /* Main.storyboard */; };
		BAAC1587242E48EA004030A5 /* Assets.xcassets in Resources */ = {isa = PBXBuildFile; fileRef = BAAC1586242E48EA004030A5 /* Assets.xcassets */; };
		BAAC159E242E49CB004030A5 /* Profile.storyboard in Resources */ = {isa = PBXBuildFile; fileRef = BAAC1597242E49CB004030A5 /* Profile.storyboard */; };
		BAAC159F242E49CB004030A5 /* MainViewController.swift in Sources */ = {isa = PBXBuildFile; fileRef = BAAC159A242E49CB004030A5 /* MainViewController.swift */; };
		BAAC15A0242E49CB004030A5 /* Rank.storyboard in Resources */ = {isa = PBXBuildFile; fileRef = BAAC159C242E49CB004030A5 /* Rank.storyboard */; };
		BAAC15A2242E4AFB004030A5 /* Home.storyboard in Resources */ = {isa = PBXBuildFile; fileRef = BAAC15A1242E4AFB004030A5 /* Home.storyboard */; };
		BAAC15A4242E4B01004030A5 /* Discover.storyboard in Resources */ = {isa = PBXBuildFile; fileRef = BAAC15A3242E4B01004030A5 /* Discover.storyboard */; };
		BAF2E49F242F2FB900227905 /* UIColor-Extensioin.swift in Sources */ = {isa = PBXBuildFile; fileRef = BAF2E49E242F2FB900227905 /* UIColor-Extensioin.swift */; };
/* End PBXBuildFile section */

/* Begin PBXFileReference section */
		67844A3D04B695006366EB54 /* Pods-ChaosTV.debug.xcconfig */ = {isa = PBXFileReference; includeInIndex = 1; lastKnownFileType = text.xcconfig; name = "Pods-ChaosTV.debug.xcconfig"; path = "Target Support Files/Pods-ChaosTV/Pods-ChaosTV.debug.xcconfig"; sourceTree = "<group>"; };
		71DD7A210E867BCBD831B3FA /* Pods-ChaosTV.release.xcconfig */ = {isa = PBXFileReference; includeInIndex = 1; lastKnownFileType = text.xcconfig; name = "Pods-ChaosTV.release.xcconfig"; path = "Target Support Files/Pods-ChaosTV/Pods-ChaosTV.release.xcconfig"; sourceTree = "<group>"; };
		BA61D10C242E4FF900D84B86 /* Base */ = {isa = PBXFileReference; lastKnownFileType = file.storyboard; name = Base; path = Base.lproj/LaunchScreen.storyboard; sourceTree = "<group>"; };
		BA61D10E242E51E500D84B86 /* HomeViewController.swift */ = {isa = PBXFileReference; lastKnownFileType = sourcecode.swift; path = HomeViewController.swift; sourceTree = "<group>"; };
		BA61D110242E525F00D84B86 /* ChaosNavigationController.swift */ = {isa = PBXFileReference; lastKnownFileType = sourcecode.swift; path = ChaosNavigationController.swift; sourceTree = "<group>"; };
		BA805F1924342D0800B015DF /* Const.swift */ = {isa = PBXFileReference; lastKnownFileType = sourcecode.swift; path = Const.swift; sourceTree = "<group>"; };
		BA805F1B24342DB400B015DF /* AnchorViewController.swift */ = {isa = PBXFileReference; lastKnownFileType = sourcecode.swift; path = AnchorViewController.swift; sourceTree = "<group>"; };
		BA805F1F243479D600B015DF /* HomeViewModel.swift */ = {isa = PBXFileReference; lastKnownFileType = sourcecode.swift; path = HomeViewModel.swift; sourceTree = "<group>"; };
		BA805F21243479E500B015DF /* WaterfallLayout.swift */ = {isa = PBXFileReference; lastKnownFileType = sourcecode.swift; path = WaterfallLayout.swift; sourceTree = "<group>"; };
		BA805F2324347A7900B015DF /* AnchorModel.swift */ = {isa = PBXFileReference; lastKnownFileType = sourcecode.swift; path = AnchorModel.swift; sourceTree = "<group>"; };
		BA805F262434825600B015DF /* NetworkTools.swift */ = {isa = PBXFileReference; lastKnownFileType = sourcecode.swift; path = NetworkTools.swift; sourceTree = "<group>"; };
		BA8293FA243730F400F85367 /* Emitterable.swift */ = {isa = PBXFileReference; lastKnownFileType = sourcecode.swift; path = Emitterable.swift; sourceTree = "<group>"; };
		BA87998F2435682D0051880B /* HomeViewCell.xib */ = {isa = PBXFileReference; fileEncoding = 4; lastKnownFileType = file.xib; path = HomeViewCell.xib; sourceTree = "<group>"; };
		BA8799902435682D0051880B /* HomeViewCell.swift */ = {isa = PBXFileReference; fileEncoding = 4; lastKnownFileType = sourcecode.swift; path = HomeViewCell.swift; sourceTree = "<group>"; };
		BA8799972435888A0051880B /* RoomViewController.swift */ = {isa = PBXFileReference; lastKnownFileType = sourcecode.swift; path = RoomViewController.swift; sourceTree = "<group>"; };
		BA8799982435888A0051880B /* RoomViewController.xib */ = {isa = PBXFileReference; lastKnownFileType = file.xib; path = RoomViewController.xib; sourceTree = "<group>"; };
		BA8BC10424341FC000225E69 /* GCPageView.swift */ = {isa = PBXFileReference; fileEncoding = 4; lastKnownFileType = sourcecode.swift; path = GCPageView.swift; sourceTree = "<group>"; };
		BA8BC10524341FC000225E69 /* GCContentView.swift */ = {isa = PBXFileReference; fileEncoding = 4; lastKnownFileType = sourcecode.swift; path = GCContentView.swift; sourceTree = "<group>"; };
		BA8BC10624341FC000225E69 /* GCTitleView.swift */ = {isa = PBXFileReference; fileEncoding = 4; lastKnownFileType = sourcecode.swift; path = GCTitleView.swift; sourceTree = "<group>"; };
		BA8BC10724341FC000225E69 /* GCPageStyle.swift */ = {isa = PBXFileReference; fileEncoding = 4; lastKnownFileType = sourcecode.swift; path = GCPageStyle.swift; sourceTree = "<group>"; };
		BA8BC1112434246000225E69 /* types.plist */ = {isa = PBXFileReference; fileEncoding = 4; lastKnownFileType = text.plist.xml; path = types.plist; sourceTree = "<group>"; };
		BA8BC1132434248A00225E69 /* HomeType.swift */ = {isa = PBXFileReference; lastKnownFileType = sourcecode.swift; path = HomeType.swift; sourceTree = "<group>"; };
		BA8BC11B2434260C00225E69 /* BaseModel.swift */ = {isa = PBXFileReference; lastKnownFileType = sourcecode.swift; path = BaseModel.swift; sourceTree = "<group>"; };
		BAAC157A242E48E8004030A5 /* ChaosTV.app */ = {isa = PBXFileReference; explicitFileType = wrapper.application; includeInIndex = 0; path = ChaosTV.app; sourceTree = BUILT_PRODUCTS_DIR; };
		BAAC157D242E48E8004030A5 /* AppDelegate.swift */ = {isa = PBXFileReference; lastKnownFileType = sourcecode.swift; path = AppDelegate.swift; sourceTree = "<group>"; };
		BAAC157F242E48E8004030A5 /* SceneDelegate.swift */ = {isa = PBXFileReference; lastKnownFileType = sourcecode.swift; path = SceneDelegate.swift; sourceTree = "<group>"; };
		BAAC1584242E48E8004030A5 /* Base */ = {isa = PBXFileReference; lastKnownFileType = file.storyboard; name = Base; path = Base.lproj/Main.storyboard; sourceTree = "<group>"; };
		BAAC1586242E48EA004030A5 /* Assets.xcassets */ = {isa = PBXFileReference; lastKnownFileType = folder.assetcatalog; path = Assets.xcassets; sourceTree = "<group>"; };
		BAAC158B242E48EA004030A5 /* Info.plist */ = {isa = PBXFileReference; lastKnownFileType = text.plist.xml; path = Info.plist; sourceTree = "<group>"; };
		BAAC1597242E49CB004030A5 /* Profile.storyboard */ = {isa = PBXFileReference; fileEncoding = 4; lastKnownFileType = file.storyboard; path = Profile.storyboard; sourceTree = "<group>"; };
		BAAC159A242E49CB004030A5 /* MainViewController.swift */ = {isa = PBXFileReference; fileEncoding = 4; lastKnownFileType = sourcecode.swift; path = MainViewController.swift; sourceTree = "<group>"; };
		BAAC159C242E49CB004030A5 /* Rank.storyboard */ = {isa = PBXFileReference; fileEncoding = 4; lastKnownFileType = file.storyboard; path = Rank.storyboard; sourceTree = "<group>"; };
		BAAC15A1242E4AFB004030A5 /* Home.storyboard */ = {isa = PBXFileReference; fileEncoding = 4; lastKnownFileType = file.storyboard; path = Home.storyboard; sourceTree = "<group>"; };
		BAAC15A3242E4B01004030A5 /* Discover.storyboard */ = {isa = PBXFileReference; fileEncoding = 4; lastKnownFileType = file.storyboard; path = Discover.storyboard; sourceTree = "<group>"; };
		BAF2E49E242F2FB900227905 /* UIColor-Extensioin.swift */ = {isa = PBXFileReference; lastKnownFileType = sourcecode.swift; path = "UIColor-Extensioin.swift"; sourceTree = "<group>"; };
		E321C70B127E9886A11E61DB /* Pods_ChaosTV.framework */ = {isa = PBXFileReference; explicitFileType = wrapper.framework; includeInIndex = 0; path = Pods_ChaosTV.framework; sourceTree = BUILT_PRODUCTS_DIR; };
/* End PBXFileReference section */

/* Begin PBXFrameworksBuildPhase section */
		BAAC1577242E48E8004030A5 /* Frameworks */ = {
			isa = PBXFrameworksBuildPhase;
			buildActionMask = 2147483647;
			files = (
				45716F4668E8FF3AAB1D8786 /* Pods_ChaosTV.framework in Frameworks */,
			);
			runOnlyForDeploymentPostprocessing = 0;
		};
/* End PBXFrameworksBuildPhase section */

/* Begin PBXGroup section */
		8E5F4482D81705A13C82B823 /* Pods */ = {
			isa = PBXGroup;
			children = (
				67844A3D04B695006366EB54 /* Pods-ChaosTV.debug.xcconfig */,
				71DD7A210E867BCBD831B3FA /* Pods-ChaosTV.release.xcconfig */,
			);
			path = Pods;
			sourceTree = "<group>";
		};
		9FD7579F8B7FE5D37961A408 /* Frameworks */ = {
			isa = PBXGroup;
			children = (
				E321C70B127E9886A11E61DB /* Pods_ChaosTV.framework */,
			);
			name = Frameworks;
			sourceTree = "<group>";
		};
		BA805F1824342CF500B015DF /* Common */ = {
			isa = PBXGroup;
			children = (
				BA805F1924342D0800B015DF /* Const.swift */,
			);
			path = Common;
			sourceTree = "<group>";
		};
		BA805F252434823800B015DF /* Tools */ = {
			isa = PBXGroup;
			children = (
				BA805F262434825600B015DF /* NetworkTools.swift */,
			);
			path = Tools;
			sourceTree = "<group>";
		};
		BA8293F9243730D600F85367 /* Protocol */ = {
			isa = PBXGroup;
			children = (
				BA8293FA243730F400F85367 /* Emitterable.swift */,
			);
			path = Protocol;
			sourceTree = "<group>";
		};
		BA8799932435882E0051880B /* Live */ = {
			isa = PBXGroup;
			children = (
				BA879996243588480051880B /* View */,
				BA879995243588410051880B /* Model */,
				BA879994243588370051880B /* Controller */,
			);
			path = Live;
			sourceTree = "<group>";
		};
		BA879994243588370051880B /* Controller */ = {
			isa = PBXGroup;
			children = (
				BA8799972435888A0051880B /* RoomViewController.swift */,
				BA8799982435888A0051880B /* RoomViewController.xib */,
			);
			path = Controller;
			sourceTree = "<group>";
		};
		BA879995243588410051880B /* Model */ = {
			isa = PBXGroup;
			children = (
			);
			path = Model;
			sourceTree = "<group>";
		};
		BA879996243588480051880B /* View */ = {
			isa = PBXGroup;
			children = (
			);
			path = View;
			sourceTree = "<group>";
		};
		BA8BC10324341FC000225E69 /* GCPageView */ = {
			isa = PBXGroup;
			children = (
				BA8BC10424341FC000225E69 /* GCPageView.swift */,
				BA8BC10524341FC000225E69 /* GCContentView.swift */,
				BA8BC10624341FC000225E69 /* GCTitleView.swift */,
				BA8BC10724341FC000225E69 /* GCPageStyle.swift */,
			);
			path = GCPageView;
			sourceTree = "<group>";
		};
		BA8BC10C24341FDF00225E69 /* Controller */ = {
			isa = PBXGroup;
			children = (
				BAAC15A1242E4AFB004030A5 /* Home.storyboard */,
				BA61D10E242E51E500D84B86 /* HomeViewController.swift */,
				BA61D110242E525F00D84B86 /* ChaosNavigationController.swift */,
				BA805F1B24342DB400B015DF /* AnchorViewController.swift */,
			);
			path = Controller;
			sourceTree = "<group>";
		};
		BA8BC10D24341FE800225E69 /* Model */ = {
			isa = PBXGroup;
			children = (
				BA8BC1132434248A00225E69 /* HomeType.swift */,
				BA805F2324347A7900B015DF /* AnchorModel.swift */,
			);
			path = Model;
			sourceTree = "<group>";
		};
		BA8BC10E24341FF100225E69 /* View */ = {
			isa = PBXGroup;
			children = (
				BA8799902435682D0051880B /* HomeViewCell.swift */,
				BA87998F2435682D0051880B /* HomeViewCell.xib */,
			);
			path = View;
			sourceTree = "<group>";
		};
		BA8BC10F24341FF800225E69 /* Other */ = {
			isa = PBXGroup;
			children = (
				BA805F1F243479D600B015DF /* HomeViewModel.swift */,
				BA805F21243479E500B015DF /* WaterfallLayout.swift */,
			);
			path = Other;
			sourceTree = "<group>";
		};
		BA8BC1102434246000225E69 /* Resource */ = {
			isa = PBXGroup;
			children = (
				BA8BC1112434246000225E69 /* types.plist */,
			);
			path = Resource;
			sourceTree = "<group>";
		};
		BA8BC1162434259E00225E69 /* Base */ = {
			isa = PBXGroup;
			children = (
				BA8BC1172434259E00225E69 /* ViewModel */,
				BA8BC1182434259E00225E69 /* Controller */,
				BA8BC1192434259E00225E69 /* Model */,
				BA8BC11A2434259E00225E69 /* View */,
			);
			path = Base;
			sourceTree = "<group>";
		};
		BA8BC1172434259E00225E69 /* ViewModel */ = {
			isa = PBXGroup;
			children = (
			);
			path = ViewModel;
			sourceTree = "<group>";
		};
		BA8BC1182434259E00225E69 /* Controller */ = {
			isa = PBXGroup;
			children = (
			);
			path = Controller;
			sourceTree = "<group>";
		};
		BA8BC1192434259E00225E69 /* Model */ = {
			isa = PBXGroup;
			children = (
				BA8BC11B2434260C00225E69 /* BaseModel.swift */,
			);
			path = Model;
			sourceTree = "<group>";
		};
		BA8BC11A2434259E00225E69 /* View */ = {
			isa = PBXGroup;
			children = (
			);
			path = View;
			sourceTree = "<group>";
		};
		BAAC1571242E48E8004030A5 = {
			isa = PBXGroup;
			children = (
				BAAC157C242E48E8004030A5 /* ChaosTV */,
				BAAC157B242E48E8004030A5 /* Products */,
				8E5F4482D81705A13C82B823 /* Pods */,
				9FD7579F8B7FE5D37961A408 /* Frameworks */,
			);
			sourceTree = "<group>";
		};
		BAAC157B242E48E8004030A5 /* Products */ = {
			isa = PBXGroup;
			children = (
				BAAC157A242E48E8004030A5 /* ChaosTV.app */,
			);
			name = Products;
			sourceTree = "<group>";
		};
		BAAC157C242E48E8004030A5 /* ChaosTV */ = {
			isa = PBXGroup;
			children = (
				BA8BC1102434246000225E69 /* Resource */,
				BAAC1593242E49CB004030A5 /* Classes */,
				BAAC157D242E48E8004030A5 /* AppDelegate.swift */,
				BAAC157F242E48E8004030A5 /* SceneDelegate.swift */,
				BAAC1583242E48E8004030A5 /* Main.storyboard */,
				BA61D10B242E4FF900D84B86 /* LaunchScreen.storyboard */,
				BAAC1586242E48EA004030A5 /* Assets.xcassets */,
				BAAC158B242E48EA004030A5 /* Info.plist */,
			);
			path = ChaosTV;
			sourceTree = "<group>";
		};
		BAAC1593242E49CB004030A5 /* Classes */ = {
			isa = PBXGroup;
			children = (
				BA8799932435882E0051880B /* Live */,
				BAAC1594242E49CB004030A5 /* Home */,
				BAAC1595242E49CB004030A5 /* Discover */,
				BAAC1596242E49CB004030A5 /* Profile */,
				BAAC1598242E49CB004030A5 /* Main */,
				BAAC159B242E49CB004030A5 /* Rank */,
				BA8BC1162434259E00225E69 /* Base */,
			);
			path = Classes;
			sourceTree = "<group>";
		};
		BAAC1594242E49CB004030A5 /* Home */ = {
			isa = PBXGroup;
			children = (
				BA8BC10F24341FF800225E69 /* Other */,
				BA8BC10E24341FF100225E69 /* View */,
				BA8BC10D24341FE800225E69 /* Model */,
				BA8BC10C24341FDF00225E69 /* Controller */,
			);
			path = Home;
			sourceTree = "<group>";
		};
		BAAC1595242E49CB004030A5 /* Discover */ = {
			isa = PBXGroup;
			children = (
				BAAC15A3242E4B01004030A5 /* Discover.storyboard */,
			);
			path = Discover;
			sourceTree = "<group>";
		};
		BAAC1596242E49CB004030A5 /* Profile */ = {
			isa = PBXGroup;
			children = (
				BA805F252434823800B015DF /* Tools */,
				BAAC1597242E49CB004030A5 /* Profile.storyboard */,
			);
			path = Profile;
			sourceTree = "<group>";
		};
		BAAC1598242E49CB004030A5 /* Main */ = {
			isa = PBXGroup;
			children = (
				BA8293F9243730D600F85367 /* Protocol */,
				BA805F1824342CF500B015DF /* Common */,
				BA8BC10324341FC000225E69 /* GCPageView */,
				BAF2E49D242F2F9C00227905 /* Extension */,
				BAAC1599242E49CB004030A5 /* Controller */,
			);
			path = Main;
			sourceTree = "<group>";
		};
		BAAC1599242E49CB004030A5 /* Controller */ = {
			isa = PBXGroup;
			children = (
				BAAC159A242E49CB004030A5 /* MainViewController.swift */,
			);
			path = Controller;
			sourceTree = "<group>";
		};
		BAAC159B242E49CB004030A5 /* Rank */ = {
			isa = PBXGroup;
			children = (
				BAAC159C242E49CB004030A5 /* Rank.storyboard */,
			);
			path = Rank;
			sourceTree = "<group>";
		};
		BAF2E49D242F2F9C00227905 /* Extension */ = {
			isa = PBXGroup;
			children = (
				BAF2E49E242F2FB900227905 /* UIColor-Extensioin.swift */,
			);
			path = Extension;
			sourceTree = "<group>";
		};
/* End PBXGroup section */

/* Begin PBXNativeTarget section */
		BAAC1579242E48E8004030A5 /* ChaosTV */ = {
			isa = PBXNativeTarget;
			buildConfigurationList = BAAC158E242E48EA004030A5 /* Build configuration list for PBXNativeTarget "ChaosTV" */;
			buildPhases = (
				72F54DAC5CEE8BB60494596A /* [CP] Check Pods Manifest.lock */,
				BAAC1576242E48E8004030A5 /* Sources */,
				BAAC1577242E48E8004030A5 /* Frameworks */,
				BAAC1578242E48E8004030A5 /* Resources */,
				E80C219532F309D433A39BF8 /* [CP] Embed Pods Frameworks */,
			);
			buildRules = (
			);
			dependencies = (
			);
			name = ChaosTV;
			productName = ChaosTV;
			productReference = BAAC157A242E48E8004030A5 /* ChaosTV.app */;
			productType = "com.apple.product-type.application";
		};
/* End PBXNativeTarget section */

/* Begin PBXProject section */
		BAAC1572242E48E8004030A5 /* Project object */ = {
			isa = PBXProject;
			attributes = {
				LastSwiftUpdateCheck = 1110;
				LastUpgradeCheck = 1110;
				ORGANIZATIONNAME = Liubi_Chaos_G;
				TargetAttributes = {
					BAAC1579242E48E8004030A5 = {
						CreatedOnToolsVersion = 11.1;
					};
				};
			};
			buildConfigurationList = BAAC1575242E48E8004030A5 /* Build configuration list for PBXProject "ChaosTV" */;
			compatibilityVersion = "Xcode 9.3";
			developmentRegion = en;
			hasScannedForEncodings = 0;
			knownRegions = (
				en,
				Base,
			);
			mainGroup = BAAC1571242E48E8004030A5;
			productRefGroup = BAAC157B242E48E8004030A5 /* Products */;
			projectDirPath = "";
			projectRoot = "";
			targets = (
				BAAC1579242E48E8004030A5 /* ChaosTV */,
			);
		};
/* End PBXProject section */

/* Begin PBXResourcesBuildPhase section */
		BAAC1578242E48E8004030A5 /* Resources */ = {
			isa = PBXResourcesBuildPhase;
			buildActionMask = 2147483647;
			files = (
				BAAC15A0242E49CB004030A5 /* Rank.storyboard in Resources */,
				BAAC1587242E48EA004030A5 /* Assets.xcassets in Resources */,
				BA8BC1122434246000225E69 /* types.plist in Resources */,
				BA8799912435682D0051880B /* HomeViewCell.xib in Resources */,
				BAAC15A2242E4AFB004030A5 /* Home.storyboard in Resources */,
				BA87999A2435888A0051880B /* RoomViewController.xib in Resources */,
				BAAC159E242E49CB004030A5 /* Profile.storyboard in Resources */,
				BA61D10D242E4FF900D84B86 /* LaunchScreen.storyboard in Resources */,
				BAAC15A4242E4B01004030A5 /* Discover.storyboard in Resources */,
				BAAC1585242E48E8004030A5 /* Main.storyboard in Resources */,
			);
			runOnlyForDeploymentPostprocessing = 0;
		};
/* End PBXResourcesBuildPhase section */

/* Begin PBXShellScriptBuildPhase section */
		72F54DAC5CEE8BB60494596A /* [CP] Check Pods Manifest.lock */ = {
			isa = PBXShellScriptBuildPhase;
			buildActionMask = 2147483647;
			files = (
			);
			inputFileListPaths = (
			);
			inputPaths = (
				"${PODS_PODFILE_DIR_PATH}/Podfile.lock",
				"${PODS_ROOT}/Manifest.lock",
			);
			name = "[CP] Check Pods Manifest.lock";
			outputFileListPaths = (
			);
			outputPaths = (
				"$(DERIVED_FILE_DIR)/Pods-ChaosTV-checkManifestLockResult.txt",
			);
			runOnlyForDeploymentPostprocessing = 0;
			shellPath = /bin/sh;
			shellScript = "diff \"${PODS_PODFILE_DIR_PATH}/Podfile.lock\" \"${PODS_ROOT}/Manifest.lock\" > /dev/null\nif [ $? != 0 ] ; then\n    # print error to STDERR\n    echo \"error: The sandbox is not in sync with the Podfile.lock. Run 'pod install' or update your CocoaPods installation.\" >&2\n    exit 1\nfi\n# This output is used by Xcode 'outputs' to avoid re-running this script phase.\necho \"SUCCESS\" > \"${SCRIPT_OUTPUT_FILE_0}\"\n";
			showEnvVarsInLog = 0;
		};
		E80C219532F309D433A39BF8 /* [CP] Embed Pods Frameworks */ = {
			isa = PBXShellScriptBuildPhase;
			buildActionMask = 2147483647;
			files = (
			);
			inputFileListPaths = (
				"${PODS_ROOT}/Target Support Files/Pods-ChaosTV/Pods-ChaosTV-frameworks-${CONFIGURATION}-input-files.xcfilelist",
			);
			name = "[CP] Embed Pods Frameworks";
			outputFileListPaths = (
				"${PODS_ROOT}/Target Support Files/Pods-ChaosTV/Pods-ChaosTV-frameworks-${CONFIGURATION}-output-files.xcfilelist",
			);
			runOnlyForDeploymentPostprocessing = 0;
			shellPath = /bin/sh;
			shellScript = "\"${PODS_ROOT}/Target Support Files/Pods-ChaosTV/Pods-ChaosTV-frameworks.sh\"\n";
			showEnvVarsInLog = 0;
		};
/* End PBXShellScriptBuildPhase section */

/* Begin PBXSourcesBuildPhase section */
		BAAC1576242E48E8004030A5 /* Sources */ = {
			isa = PBXSourcesBuildPhase;
			buildActionMask = 2147483647;
			files = (
				BA805F22243479E500B015DF /* WaterfallLayout.swift in Sources */,
				BA8BC10B24341FC000225E69 /* GCPageStyle.swift in Sources */,
				BAAC159F242E49CB004030A5 /* MainViewController.swift in Sources */,
				BA8799992435888A0051880B /* RoomViewController.swift in Sources */,
				BAAC157E242E48E8004030A5 /* AppDelegate.swift in Sources */,
				BA8BC10A24341FC000225E69 /* GCTitleView.swift in Sources */,
				BAAC1580242E48E8004030A5 /* SceneDelegate.swift in Sources */,
				BA8799922435682D0051880B /* HomeViewCell.swift in Sources */,
				BA8BC10824341FC000225E69 /* GCPageView.swift in Sources */,
				BA8BC11C2434260C00225E69 /* BaseModel.swift in Sources */,
				BA8BC1142434248A00225E69 /* HomeType.swift in Sources */,
				BAF2E49F242F2FB900227905 /* UIColor-Extensioin.swift in Sources */,
				BA61D111242E525F00D84B86 /* ChaosNavigationController.swift in Sources */,
				BA8BC10924341FC000225E69 /* GCContentView.swift in Sources */,
				BA61D10F242E51E500D84B86 /* HomeViewController.swift in Sources */,
				BA805F1A24342D0900B015DF /* Const.swift in Sources */,
				BA805F272434825600B015DF /* NetworkTools.swift in Sources */,
				BA805F20243479D600B015DF /* HomeViewModel.swift in Sources */,
				BA805F1C24342DB400B015DF /* AnchorViewController.swift in Sources */,
				BA805F2424347A7900B015DF /* AnchorModel.swift in Sources */,
				BA8293FB243730F400F85367 /* Emitterable.swift in Sources */,
			);
			runOnlyForDeploymentPostprocessing = 0;
		};
/* End PBXSourcesBuildPhase section */

/* Begin PBXVariantGroup section */
		BA61D10B242E4FF900D84B86 /* LaunchScreen.storyboard */ = {
			isa = PBXVariantGroup;
			children = (
				BA61D10C242E4FF900D84B86 /* Base */,
			);
			name = LaunchScreen.storyboard;
			sourceTree = "<group>";
		};
		BAAC1583242E48E8004030A5 /* Main.storyboard */ = {
			isa = PBXVariantGroup;
			children = (
				BAAC1584242E48E8004030A5 /* Base */,
			);
			name = Main.storyboard;
			sourceTree = "<group>";
		};
/* End PBXVariantGroup section */

/* Begin XCBuildConfiguration section */
		BAAC158C242E48EA004030A5 /* Debug */ = {
			isa = XCBuildConfiguration;
			buildSettings = {
				ALWAYS_SEARCH_USER_PATHS = NO;
				CLANG_ANALYZER_NONNULL = YES;
				CLANG_ANALYZER_NUMBER_OBJECT_CONVERSION = YES_AGGRESSIVE;
				CLANG_CXX_LANGUAGE_STANDARD = "gnu++14";
				CLANG_CXX_LIBRARY = "libc++";
				CLANG_ENABLE_MODULES = YES;
				CLANG_ENABLE_OBJC_ARC = YES;
				CLANG_ENABLE_OBJC_WEAK = YES;
				CLANG_WARN_BLOCK_CAPTURE_AUTORELEASING = YES;
				CLANG_WARN_BOOL_CONVERSION = YES;
				CLANG_WARN_COMMA = YES;
				CLANG_WARN_CONSTANT_CONVERSION = YES;
				CLANG_WARN_DEPRECATED_OBJC_IMPLEMENTATIONS = YES;
				CLANG_WARN_DIRECT_OBJC_ISA_USAGE = YES_ERROR;
				CLANG_WARN_DOCUMENTATION_COMMENTS = YES;
				CLANG_WARN_EMPTY_BODY = YES;
				CLANG_WARN_ENUM_CONVERSION = YES;
				CLANG_WARN_INFINITE_RECURSION = YES;
				CLANG_WARN_INT_CONVERSION = YES;
				CLANG_WARN_NON_LITERAL_NULL_CONVERSION = YES;
				CLANG_WARN_OBJC_IMPLICIT_RETAIN_SELF = YES;
				CLANG_WARN_OBJC_LITERAL_CONVERSION = YES;
				CLANG_WARN_OBJC_ROOT_CLASS = YES_ERROR;
				CLANG_WARN_RANGE_LOOP_ANALYSIS = YES;
				CLANG_WARN_STRICT_PROTOTYPES = YES;
				CLANG_WARN_SUSPICIOUS_MOVE = YES;
				CLANG_WARN_UNGUARDED_AVAILABILITY = YES_AGGRESSIVE;
				CLANG_WARN_UNREACHABLE_CODE = YES;
				CLANG_WARN__DUPLICATE_METHOD_MATCH = YES;
				COPY_PHASE_STRIP = NO;
				DEBUG_INFORMATION_FORMAT = dwarf;
				ENABLE_STRICT_OBJC_MSGSEND = YES;
				ENABLE_TESTABILITY = YES;
				GCC_C_LANGUAGE_STANDARD = gnu11;
				GCC_DYNAMIC_NO_PIC = NO;
				GCC_NO_COMMON_BLOCKS = YES;
				GCC_OPTIMIZATION_LEVEL = 0;
				GCC_PREPROCESSOR_DEFINITIONS = (
					"DEBUG=1",
					"$(inherited)",
				);
				GCC_WARN_64_TO_32_BIT_CONVERSION = YES;
				GCC_WARN_ABOUT_RETURN_TYPE = YES_ERROR;
				GCC_WARN_UNDECLARED_SELECTOR = YES;
				GCC_WARN_UNINITIALIZED_AUTOS = YES_AGGRESSIVE;
				GCC_WARN_UNUSED_FUNCTION = YES;
				GCC_WARN_UNUSED_VARIABLE = YES;
				IPHONEOS_DEPLOYMENT_TARGET = 13.1;
				MTL_ENABLE_DEBUG_INFO = INCLUDE_SOURCE;
				MTL_FAST_MATH = YES;
				ONLY_ACTIVE_ARCH = YES;
				SDKROOT = iphoneos;
				SWIFT_ACTIVE_COMPILATION_CONDITIONS = DEBUG;
				SWIFT_OPTIMIZATION_LEVEL = "-Onone";
			};
			name = Debug;
		};
		BAAC158D242E48EA004030A5 /* Release */ = {
			isa = XCBuildConfiguration;
			buildSettings = {
				ALWAYS_SEARCH_USER_PATHS = NO;
				CLANG_ANALYZER_NONNULL = YES;
				CLANG_ANALYZER_NUMBER_OBJECT_CONVERSION = YES_AGGRESSIVE;
				CLANG_CXX_LANGUAGE_STANDARD = "gnu++14";
				CLANG_CXX_LIBRARY = "libc++";
				CLANG_ENABLE_MODULES = YES;
				CLANG_ENABLE_OBJC_ARC = YES;
				CLANG_ENABLE_OBJC_WEAK = YES;
				CLANG_WARN_BLOCK_CAPTURE_AUTORELEASING = YES;
				CLANG_WARN_BOOL_CONVERSION = YES;
				CLANG_WARN_COMMA = YES;
				CLANG_WARN_CONSTANT_CONVERSION = YES;
				CLANG_WARN_DEPRECATED_OBJC_IMPLEMENTATIONS = YES;
				CLANG_WARN_DIRECT_OBJC_ISA_USAGE = YES_ERROR;
				CLANG_WARN_DOCUMENTATION_COMMENTS = YES;
				CLANG_WARN_EMPTY_BODY = YES;
				CLANG_WARN_ENUM_CONVERSION = YES;
				CLANG_WARN_INFINITE_RECURSION = YES;
				CLANG_WARN_INT_CONVERSION = YES;
				CLANG_WARN_NON_LITERAL_NULL_CONVERSION = YES;
				CLANG_WARN_OBJC_IMPLICIT_RETAIN_SELF = YES;
				CLANG_WARN_OBJC_LITERAL_CONVERSION = YES;
				CLANG_WARN_OBJC_ROOT_CLASS = YES_ERROR;
				CLANG_WARN_RANGE_LOOP_ANALYSIS = YES;
				CLANG_WARN_STRICT_PROTOTYPES = YES;
				CLANG_WARN_SUSPICIOUS_MOVE = YES;
				CLANG_WARN_UNGUARDED_AVAILABILITY = YES_AGGRESSIVE;
				CLANG_WARN_UNREACHABLE_CODE = YES;
				CLANG_WARN__DUPLICATE_METHOD_MATCH = YES;
				COPY_PHASE_STRIP = NO;
				DEBUG_INFORMATION_FORMAT = "dwarf-with-dsym";
				ENABLE_NS_ASSERTIONS = NO;
				ENABLE_STRICT_OBJC_MSGSEND = YES;
				GCC_C_LANGUAGE_STANDARD = gnu11;
				GCC_NO_COMMON_BLOCKS = YES;
				GCC_WARN_64_TO_32_BIT_CONVERSION = YES;
				GCC_WARN_ABOUT_RETURN_TYPE = YES_ERROR;
				GCC_WARN_UNDECLARED_SELECTOR = YES;
				GCC_WARN_UNINITIALIZED_AUTOS = YES_AGGRESSIVE;
				GCC_WARN_UNUSED_FUNCTION = YES;
				GCC_WARN_UNUSED_VARIABLE = YES;
				IPHONEOS_DEPLOYMENT_TARGET = 13.1;
				MTL_ENABLE_DEBUG_INFO = NO;
				MTL_FAST_MATH = YES;
				SDKROOT = iphoneos;
				SWIFT_COMPILATION_MODE = wholemodule;
				SWIFT_OPTIMIZATION_LEVEL = "-O";
				VALIDATE_PRODUCT = YES;
			};
			name = Release;
		};
		BAAC158F242E48EA004030A5 /* Debug */ = {
			isa = XCBuildConfiguration;
			baseConfigurationReference = 67844A3D04B695006366EB54 /* Pods-ChaosTV.debug.xcconfig */;
			buildSettings = {
				ASSETCATALOG_COMPILER_APPICON_NAME = AppIcon;
				CODE_SIGN_STYLE = Automatic;
				DEVELOPMENT_TEAM = P4FRP3D7B4;
				INFOPLIST_FILE = ChaosTV/Info.plist;
				LD_RUNPATH_SEARCH_PATHS = (
					"$(inherited)",
					"@executable_path/Frameworks",
				);
				"OTHER_SWIFT_FLAGS[arch=*]" = "-D DEBUG";
				PRODUCT_BUNDLE_IDENTIFIER = com.sixarm.ChaosTV;
				PRODUCT_NAME = "$(TARGET_NAME)";
				SWIFT_VERSION = 5.0;
				TARGETED_DEVICE_FAMILY = "1,2";
			};
			name = Debug;
		};
		BAAC1590242E48EA004030A5 /* Release */ = {
			isa = XCBuildConfiguration;
			baseConfigurationReference = 71DD7A210E867BCBD831B3FA /* Pods-ChaosTV.release.xcconfig */;
			buildSettings = {
				ASSETCATALOG_COMPILER_APPICON_NAME = AppIcon;
				CODE_SIGN_STYLE = Automatic;
				DEVELOPMENT_TEAM = P4FRP3D7B4;
				INFOPLIST_FILE = ChaosTV/Info.plist;
				LD_RUNPATH_SEARCH_PATHS = (
					"$(inherited)",
					"@executable_path/Frameworks",
				);
				PRODUCT_BUNDLE_IDENTIFIER = com.sixarm.ChaosTV;
				PRODUCT_NAME = "$(TARGET_NAME)";
				SWIFT_VERSION = 5.0;
				TARGETED_DEVICE_FAMILY = "1,2";
			};
			name = Release;
		};
/* End XCBuildConfiguration section */

/* Begin XCConfigurationList section */
		BAAC1575242E48E8004030A5 /* Build configuration list for PBXProject "ChaosTV" */ = {
			isa = XCConfigurationList;
			buildConfigurations = (
				BAAC158C242E48EA004030A5 /* Debug */,
				BAAC158D242E48EA004030A5 /* Release */,
			);
			defaultConfigurationIsVisible = 0;
			defaultConfigurationName = Release;
		};
		BAAC158E242E48EA004030A5 /* Build configuration list for PBXNativeTarget "ChaosTV" */ = {
			isa = XCConfigurationList;
			buildConfigurations = (
				BAAC158F242E48EA004030A5 /* Debug */,
				BAAC1590242E48EA004030A5 /* Release */,
			);
			defaultConfigurationIsVisible = 0;
			defaultConfigurationName = Release;
		};
/* End XCConfigurationList section */
	};
	rootObject = BAAC1572242E48E8004030A5 /* Project object */;
}
